
Microsoft Visual Studio Solution File, Format Version 12.00
# Visual Studio Version 16
VisualStudioVersion = 16.0.30330.147
MinimumVisualStudioVersion = 10.0.40219.1
Project("{9A19103F-16F7-4668-BE54-9A1E7A4F7556}") = "ConsoleApp1", "ConsoleApp1\ConsoleApp1.csproj", "{8961BDD8-F847-4963-AD3D-9785CC8C6012}"
EndProject
Global
	GlobalSection(SolutionConfigurationPlatforms) = preSolution
		Debug|Any CPU = Debug|Any CPU
		Release|Any CPU = Release|Any CPU
	EndGlobalSection
	GlobalSection(ProjectConfigurationPlatforms) = postSolution
		{8961BDD8-F847-4963-AD3D-9785CC8C6012}.Debug|Any CPU.ActiveCfg = Debug|Any CPU
		{8961BDD8-F847-4963-AD3D-9785CC8C6012}.Debug|Any CPU.Build.0 = Debug|Any CPU
		{8961BDD8-F847-4963-AD3D-9785CC8C6012}.Release|Any CPU.ActiveCfg = Release|Any CPU
		{8961BDD8-F847-4963-AD3D-9785CC8C6012}.Release|Any CPU.Build.0 = Release|Any CPU
	EndGlobalSection
	GlobalSection(SolutionProperties) = preSolution
		HideSolutionNode = FALSE
	EndGlobalSection
	GlobalSection(ExtensibilityGlobals) = postSolution
		SolutionGuid = {E525FD74-8989-4D16-BA96-6EB699174ABA}
	EndGlobalSection
EndGlobal
